// !$*UTF8*$!
{
	archiveVersion = 1;
	classes = {
	};
	objectVersion = 50;
	objects = {

/* Begin PBXBuildFile section */
		6048A9EA2549B0AF00749015 /* CurrencyModel.swift in Sources */ = {isa = PBXBuildFile; fileRef = 6048A9E92549B0AF00749015 /* CurrencyModel.swift */; };
		6048A9F22549B18E00749015 /* CurrencyInfoViewController.swift in Sources */ = {isa = PBXBuildFile; fileRef = 6048A9F12549B18E00749015 /* CurrencyInfoViewController.swift */; };
		6048A9F62549B1BB00749015 /* CurrencyInfo.storyboard in Resources */ = {isa = PBXBuildFile; fileRef = 6048A9F52549B1BB00749015 /* CurrencyInfo.storyboard */; };
		919DD76C25399C8F0030B3E1 /* AppDelegate.swift in Sources */ = {isa = PBXBuildFile; fileRef = 919DD76B25399C8F0030B3E1 /* AppDelegate.swift */; };
		919DD76E25399C8F0030B3E1 /* SceneDelegate.swift in Sources */ = {isa = PBXBuildFile; fileRef = 919DD76D25399C8F0030B3E1 /* SceneDelegate.swift */; };
		919DD77025399C8F0030B3E1 /* ViewController.swift in Sources */ = {isa = PBXBuildFile; fileRef = 919DD76F25399C8F0030B3E1 /* ViewController.swift */; };
		919DD77325399C8F0030B3E1 /* Main.storyboard in Resources */ = {isa = PBXBuildFile; fileRef = 919DD77125399C8F0030B3E1 /* Main.storyboard */; };
		919DD77525399C920030B3E1 /* Assets.xcassets in Resources */ = {isa = PBXBuildFile; fileRef = 919DD77425399C920030B3E1 /* Assets.xcassets */; };
		919DD77825399C920030B3E1 /* LaunchScreen.storyboard in Resources */ = {isa = PBXBuildFile; fileRef = 919DD77625399C920030B3E1 /* LaunchScreen.storyboard */; };
		919DD7822539ACAA0030B3E1 /* UserViewController.swift in Sources */ = {isa = PBXBuildFile; fileRef = 919DD7812539ACAA0030B3E1 /* UserViewController.swift */; };
		919DD78A2539BAF70030B3E1 /* UserModel.swift in Sources */ = {isa = PBXBuildFile; fileRef = 919DD7892539BAF70030B3E1 /* UserModel.swift */; };
		91D6FB48253A2D63000E740F /* ProfileStoryBoard.storyboard in Resources */ = {isa = PBXBuildFile; fileRef = 91D6FB47253A2D63000E740F /* ProfileStoryBoard.storyboard */; };
		91D6FB4B253A2E2B000E740F /* utills.swift in Sources */ = {isa = PBXBuildFile; fileRef = 91D6FB4A253A2E2B000E740F /* utills.swift */; };
/* End PBXBuildFile section */

/* Begin PBXFileReference section */
		6048A9E92549B0AF00749015 /* CurrencyModel.swift */ = {isa = PBXFileReference; lastKnownFileType = sourcecode.swift; path = CurrencyModel.swift; sourceTree = "<group>"; };
		6048A9F12549B18E00749015 /* CurrencyInfoViewController.swift */ = {isa = PBXFileReference; lastKnownFileType = sourcecode.swift; path = CurrencyInfoViewController.swift; sourceTree = "<group>"; };
		6048A9F52549B1BB00749015 /* CurrencyInfo.storyboard */ = {isa = PBXFileReference; fileEncoding = 4; lastKnownFileType = file.storyboard; path = CurrencyInfo.storyboard; sourceTree = "<group>"; };
		919DD76825399C8F0030B3E1 /* crypto.app */ = {isa = PBXFileReference; explicitFileType = wrapper.application; includeInIndex = 0; path = crypto.app; sourceTree = BUILT_PRODUCTS_DIR; };
		919DD76B25399C8F0030B3E1 /* AppDelegate.swift */ = {isa = PBXFileReference; lastKnownFileType = sourcecode.swift; path = AppDelegate.swift; sourceTree = "<group>"; };
		919DD76D25399C8F0030B3E1 /* SceneDelegate.swift */ = {isa = PBXFileReference; lastKnownFileType = sourcecode.swift; path = SceneDelegate.swift; sourceTree = "<group>"; };
		919DD76F25399C8F0030B3E1 /* ViewController.swift */ = {isa = PBXFileReference; lastKnownFileType = sourcecode.swift; path = ViewController.swift; sourceTree = "<group>"; };
		919DD77225399C8F0030B3E1 /* Base */ = {isa = PBXFileReference; lastKnownFileType = file.storyboard; name = Base; path = Base.lproj/Main.storyboard; sourceTree = "<group>"; };
		919DD77425399C920030B3E1 /* Assets.xcassets */ = {isa = PBXFileReference; lastKnownFileType = folder.assetcatalog; path = Assets.xcassets; sourceTree = "<group>"; };
		919DD77725399C920030B3E1 /* Base */ = {isa = PBXFileReference; lastKnownFileType = file.storyboard; name = Base; path = Base.lproj/LaunchScreen.storyboard; sourceTree = "<group>"; };
		919DD77925399C920030B3E1 /* Info.plist */ = {isa = PBXFileReference; lastKnownFileType = text.plist.xml; path = Info.plist; sourceTree = "<group>"; };
		919DD7812539ACAA0030B3E1 /* UserViewController.swift */ = {isa = PBXFileReference; lastKnownFileType = sourcecode.swift; path = UserViewController.swift; sourceTree = "<group>"; };
		919DD7892539BAF70030B3E1 /* UserModel.swift */ = {isa = PBXFileReference; lastKnownFileType = sourcecode.swift; path = UserModel.swift; sourceTree = "<group>"; };
		91D6FB47253A2D63000E740F /* ProfileStoryBoard.storyboard */ = {isa = PBXFileReference; lastKnownFileType = file.storyboard; path = ProfileStoryBoard.storyboard; sourceTree = "<group>"; };
		91D6FB4A253A2E2B000E740F /* utills.swift */ = {isa = PBXFileReference; lastKnownFileType = sourcecode.swift; path = utills.swift; sourceTree = "<group>"; };
/* End PBXFileReference section */

/* Begin PBXFrameworksBuildPhase section */
		919DD76525399C8F0030B3E1 /* Frameworks */ = {
			isa = PBXFrameworksBuildPhase;
			buildActionMask = 2147483647;
			files = (
			);
			runOnlyForDeploymentPostprocessing = 0;
		};
/* End PBXFrameworksBuildPhase section */

/* Begin PBXGroup section */
		6048A9D925498C1A00749015 /* CurrencyInfo */ = {
			isa = PBXGroup;
			children = (
				6048A9F52549B1BB00749015 /* CurrencyInfo.storyboard */,
				6048A9E92549B0AF00749015 /* CurrencyModel.swift */,
				6048A9F12549B18E00749015 /* CurrencyInfoViewController.swift */,
			);
			path = CurrencyInfo;
			sourceTree = "<group>";
		};
		919DD75F25399C8F0030B3E1 = {
			isa = PBXGroup;
			children = (
				919DD76A25399C8F0030B3E1 /* crypto */,
				919DD76925399C8F0030B3E1 /* Products */,
			);
			sourceTree = "<group>";
		};
		919DD76925399C8F0030B3E1 /* Products */ = {
			isa = PBXGroup;
			children = (
				919DD76825399C8F0030B3E1 /* crypto.app */,
			);
			name = Products;
			sourceTree = "<group>";
		};
		919DD76A25399C8F0030B3E1 /* crypto */ = {
			isa = PBXGroup;
			children = (
				919DD76B25399C8F0030B3E1 /* AppDelegate.swift */,
				919DD76D25399C8F0030B3E1 /* SceneDelegate.swift */,
				919DD76F25399C8F0030B3E1 /* ViewController.swift */,
				919DD77125399C8F0030B3E1 /* Main.storyboard */,
				919DD77425399C920030B3E1 /* Assets.xcassets */,
				919DD77625399C920030B3E1 /* LaunchScreen.storyboard */,
				919DD77925399C920030B3E1 /* Info.plist */,
				919DD7812539ACAA0030B3E1 /* UserViewController.swift */,
				919DD7892539BAF70030B3E1 /* UserModel.swift */,
				6048A9D925498C1A00749015 /* CurrencyInfo */,
				91D6FB47253A2D63000E740F /* ProfileStoryBoard.storyboard */,
				91D6FB4A253A2E2B000E740F /* utills.swift */,
			);
			path = crypto;
			sourceTree = "<group>";
		};
/* End PBXGroup section */

/* Begin PBXNativeTarget section */
		919DD76725399C8F0030B3E1 /* crypto */ = {
			isa = PBXNativeTarget;
			buildConfigurationList = 919DD77C25399C920030B3E1 /* Build configuration list for PBXNativeTarget "crypto" */;
			buildPhases = (
				919DD76425399C8F0030B3E1 /* Sources */,
				919DD76525399C8F0030B3E1 /* Frameworks */,
				919DD76625399C8F0030B3E1 /* Resources */,
			);
			buildRules = (
			);
			dependencies = (
			);
			name = crypto;
			productName = crypto;
			productReference = 919DD76825399C8F0030B3E1 /* crypto.app */;
			productType = "com.apple.product-type.application";
		};
/* End PBXNativeTarget section */

/* Begin PBXProject section */
		919DD76025399C8F0030B3E1 /* Project object */ = {
			isa = PBXProject;
			attributes = {
				LastSwiftUpdateCheck = 1200;
				LastUpgradeCheck = 1200;
				TargetAttributes = {
					919DD76725399C8F0030B3E1 = {
						CreatedOnToolsVersion = 12.0.1;
					};
				};
			};
			buildConfigurationList = 919DD76325399C8F0030B3E1 /* Build configuration list for PBXProject "crypto" */;
			compatibilityVersion = "Xcode 9.3";
			developmentRegion = en;
			hasScannedForEncodings = 0;
			knownRegions = (
				en,
				Base,
			);
			mainGroup = 919DD75F25399C8F0030B3E1;
			productRefGroup = 919DD76925399C8F0030B3E1 /* Products */;
			projectDirPath = "";
			projectRoot = "";
			targets = (
				919DD76725399C8F0030B3E1 /* crypto */,
			);
		};
/* End PBXProject section */

/* Begin PBXResourcesBuildPhase section */
		919DD76625399C8F0030B3E1 /* Resources */ = {
			isa = PBXResourcesBuildPhase;
			buildActionMask = 2147483647;
			files = (
				919DD77825399C920030B3E1 /* LaunchScreen.storyboard in Resources */,
				91D6FB48253A2D63000E740F /* ProfileStoryBoard.storyboard in Resources */,
				919DD77525399C920030B3E1 /* Assets.xcassets in Resources */,
				919DD77325399C8F0030B3E1 /* Main.storyboard in Resources */,
				6048A9F62549B1BB00749015 /* CurrencyInfo.storyboard in Resources */,
			);
			runOnlyForDeploymentPostprocessing = 0;
		};
/* End PBXResourcesBuildPhase section */

/* Begin PBXSourcesBuildPhase section */
		919DD76425399C8F0030B3E1 /* Sources */ = {
			isa = PBXSourcesBuildPhase;
			buildActionMask = 2147483647;
			files = (
				919DD77025399C8F0030B3E1 /* ViewController.swift in Sources */,
				6048A9EA2549B0AF00749015 /* CurrencyModel.swift in Sources */,
				6048A9F22549B18E00749015 /* CurrencyInfoViewController.swift in Sources */,
				919DD7822539ACAA0030B3E1 /* UserViewController.swift in Sources */,
				91D6FB4B253A2E2B000E740F /* utills.swift in Sources */,
				919DD76C25399C8F0030B3E1 /* AppDelegate.swift in Sources */,
				919DD78A2539BAF70030B3E1 /* UserModel.swift in Sources */,
				919DD76E25399C8F0030B3E1 /* SceneDelegate.swift in Sources */,
			);
			runOnlyForDeploymentPostprocessing = 0;
		};
/* End PBXSourcesBuildPhase section */

/* Begin PBXVariantGroup section */
		919DD77125399C8F0030B3E1 /* Main.storyboard */ = {
			isa = PBXVariantGroup;
			children = (
				919DD77225399C8F0030B3E1 /* Base */,
			);
			name = Main.storyboard;
			sourceTree = "<group>";
		};
		919DD77625399C920030B3E1 /* LaunchScreen.storyboard */ = {
			isa = PBXVariantGroup;
			children = (
				919DD77725399C920030B3E1 /* Base */,
			);
			name = LaunchScreen.storyboard;
			sourceTree = "<group>";
		};
/* End PBXVariantGroup section */

/* Begin XCBuildConfiguration section */
		919DD77A25399C920030B3E1 /* Debug */ = {
			isa = XCBuildConfiguration;
			buildSettings = {
				ALWAYS_SEARCH_USER_PATHS = NO;
				CLANG_ANALYZER_NONNULL = YES;
				CLANG_ANALYZER_NUMBER_OBJECT_CONVERSION = YES_AGGRESSIVE;
				CLANG_CXX_LANGUAGE_STANDARD = "gnu++14";
				CLANG_CXX_LIBRARY = "libc++";
				CLANG_ENABLE_MODULES = YES;
				CLANG_ENABLE_OBJC_ARC = YES;
				CLANG_ENABLE_OBJC_WEAK = YES;
				CLANG_WARN_BLOCK_CAPTURE_AUTORELEASING = YES;
				CLANG_WARN_BOOL_CONVERSION = YES;
				CLANG_WARN_COMMA = YES;
				CLANG_WARN_CONSTANT_CONVERSION = YES;
				CLANG_WARN_DEPRECATED_OBJC_IMPLEMENTATIONS = YES;
				CLANG_WARN_DIRECT_OBJC_ISA_USAGE = YES_ERROR;
				CLANG_WARN_DOCUMENTATION_COMMENTS = YES;
				CLANG_WARN_EMPTY_BODY = YES;
				CLANG_WARN_ENUM_CONVERSION = YES;
				CLANG_WARN_INFINITE_RECURSION = YES;
				CLANG_WARN_INT_CONVERSION = YES;
				CLANG_WARN_NON_LITERAL_NULL_CONVERSION = YES;
				CLANG_WARN_OBJC_IMPLICIT_RETAIN_SELF = YES;
				CLANG_WARN_OBJC_LITERAL_CONVERSION = YES;
				CLANG_WARN_OBJC_ROOT_CLASS = YES_ERROR;
				CLANG_WARN_QUOTED_INCLUDE_IN_FRAMEWORK_HEADER = YES;
				CLANG_WARN_RANGE_LOOP_ANALYSIS = YES;
				CLANG_WARN_STRICT_PROTOTYPES = YES;
				CLANG_WARN_SUSPICIOUS_MOVE = YES;
				CLANG_WARN_UNGUARDED_AVAILABILITY = YES_AGGRESSIVE;
				CLANG_WARN_UNREACHABLE_CODE = YES;
				CLANG_WARN__DUPLICATE_METHOD_MATCH = YES;
				COPY_PHASE_STRIP = NO;
				DEBUG_INFORMATION_FORMAT = dwarf;
				ENABLE_STRICT_OBJC_MSGSEND = YES;
				ENABLE_TESTABILITY = YES;
				GCC_C_LANGUAGE_STANDARD = gnu11;
				GCC_DYNAMIC_NO_PIC = NO;
				GCC_NO_COMMON_BLOCKS = YES;
				GCC_OPTIMIZATION_LEVEL = 0;
				GCC_PREPROCESSOR_DEFINITIONS = (
					"DEBUG=1",
					"$(inherited)",
				);
				GCC_WARN_64_TO_32_BIT_CONVERSION = YES;
				GCC_WARN_ABOUT_RETURN_TYPE = YES_ERROR;
				GCC_WARN_UNDECLARED_SELECTOR = YES;
				GCC_WARN_UNINITIALIZED_AUTOS = YES_AGGRESSIVE;
				GCC_WARN_UNUSED_FUNCTION = YES;
				GCC_WARN_UNUSED_VARIABLE = YES;
				IPHONEOS_DEPLOYMENT_TARGET = 14.0;
				MTL_ENABLE_DEBUG_INFO = INCLUDE_SOURCE;
				MTL_FAST_MATH = YES;
				ONLY_ACTIVE_ARCH = YES;
				SDKROOT = iphoneos;
				SWIFT_ACTIVE_COMPILATION_CONDITIONS = DEBUG;
				SWIFT_OPTIMIZATION_LEVEL = "-Onone";
			};
			name = Debug;
		};
		919DD77B25399C920030B3E1 /* Release */ = {
			isa = XCBuildConfiguration;
			buildSettings = {
				ALWAYS_SEARCH_USER_PATHS = NO;
				CLANG_ANALYZER_NONNULL = YES;
				CLANG_ANALYZER_NUMBER_OBJECT_CONVERSION = YES_AGGRESSIVE;
				CLANG_CXX_LANGUAGE_STANDARD = "gnu++14";
				CLANG_CXX_LIBRARY = "libc++";
				CLANG_ENABLE_MODULES = YES;
				CLANG_ENABLE_OBJC_ARC = YES;
				CLANG_ENABLE_OBJC_WEAK = YES;
				CLANG_WARN_BLOCK_CAPTURE_AUTORELEASING = YES;
				CLANG_WARN_BOOL_CONVERSION = YES;
				CLANG_WARN_COMMA = YES;
				CLANG_WARN_CONSTANT_CONVERSION = YES;
				CLANG_WARN_DEPRECATED_OBJC_IMPLEMENTATIONS = YES;
				CLANG_WARN_DIRECT_OBJC_ISA_USAGE = YES_ERROR;
				CLANG_WARN_DOCUMENTATION_COMMENTS = YES;
				CLANG_WARN_EMPTY_BODY = YES;
				CLANG_WARN_ENUM_CONVERSION = YES;
				CLANG_WARN_INFINITE_RECURSION = YES;
				CLANG_WARN_INT_CONVERSION = YES;
				CLANG_WARN_NON_LITERAL_NULL_CONVERSION = YES;
				CLANG_WARN_OBJC_IMPLICIT_RETAIN_SELF = YES;
				CLANG_WARN_OBJC_LITERAL_CONVERSION = YES;
				CLANG_WARN_OBJC_ROOT_CLASS = YES_ERROR;
				CLANG_WARN_QUOTED_INCLUDE_IN_FRAMEWORK_HEADER = YES;
				CLANG_WARN_RANGE_LOOP_ANALYSIS = YES;
				CLANG_WARN_STRICT_PROTOTYPES = YES;
				CLANG_WARN_SUSPICIOUS_MOVE = YES;
				CLANG_WARN_UNGUARDED_AVAILABILITY = YES_AGGRESSIVE;
				CLANG_WARN_UNREACHABLE_CODE = YES;
				CLANG_WARN__DUPLICATE_METHOD_MATCH = YES;
				COPY_PHASE_STRIP = NO;
				DEBUG_INFORMATION_FORMAT = "dwarf-with-dsym";
				ENABLE_NS_ASSERTIONS = NO;
				ENABLE_STRICT_OBJC_MSGSEND = YES;
				GCC_C_LANGUAGE_STANDARD = gnu11;
				GCC_NO_COMMON_BLOCKS = YES;
				GCC_WARN_64_TO_32_BIT_CONVERSION = YES;
				GCC_WARN_ABOUT_RETURN_TYPE = YES_ERROR;
				GCC_WARN_UNDECLARED_SELECTOR = YES;
				GCC_WARN_UNINITIALIZED_AUTOS = YES_AGGRESSIVE;
				GCC_WARN_UNUSED_FUNCTION = YES;
				GCC_WARN_UNUSED_VARIABLE = YES;
				IPHONEOS_DEPLOYMENT_TARGET = 14.0;
				MTL_ENABLE_DEBUG_INFO = NO;
				MTL_FAST_MATH = YES;
				SDKROOT = iphoneos;
				SWIFT_COMPILATION_MODE = wholemodule;
				SWIFT_OPTIMIZATION_LEVEL = "-O";
				VALIDATE_PRODUCT = YES;
			};
			name = Release;
		};
		919DD77D25399C920030B3E1 /* Debug */ = {
			isa = XCBuildConfiguration;
			buildSettings = {
				ASSETCATALOG_COMPILER_APPICON_NAME = AppIcon;
				ASSETCATALOG_COMPILER_GLOBAL_ACCENT_COLOR_NAME = AccentColor;
				CODE_SIGN_STYLE = Automatic;
				DEVELOPMENT_TEAM = G5MJDSF3PC;
				INFOPLIST_FILE = crypto/Info.plist;
				LD_RUNPATH_SEARCH_PATHS = (
					"$(inherited)",
					"@executable_path/Frameworks",
				);
				PRODUCT_BUNDLE_IDENTIFIER = com.test.crypto;
				PRODUCT_NAME = "$(TARGET_NAME)";
				SWIFT_VERSION = 5.0;
				TARGETED_DEVICE_FAMILY = "1,2";
			};
			name = Debug;
		};
		919DD77E25399C920030B3E1 /* Release */ = {
			isa = XCBuildConfiguration;
			buildSettings = {
				ASSETCATALOG_COMPILER_APPICON_NAME = AppIcon;
				ASSETCATALOG_COMPILER_GLOBAL_ACCENT_COLOR_NAME = AccentColor;
				CODE_SIGN_STYLE = Automatic;
				DEVELOPMENT_TEAM = G5MJDSF3PC;
				INFOPLIST_FILE = crypto/Info.plist;
				LD_RUNPATH_SEARCH_PATHS = (
					"$(inherited)",
					"@executable_path/Frameworks",
				);
				PRODUCT_BUNDLE_IDENTIFIER = com.test.crypto;
				PRODUCT_NAME = "$(TARGET_NAME)";
				SWIFT_VERSION = 5.0;
				TARGETED_DEVICE_FAMILY = "1,2";
			};
			name = Release;
		};
/* End XCBuildConfiguration section */

/* Begin XCConfigurationList section */
		919DD76325399C8F0030B3E1 /* Build configuration list for PBXProject "crypto" */ = {
			isa = XCConfigurationList;
			buildConfigurations = (
				919DD77A25399C920030B3E1 /* Debug */,
				919DD77B25399C920030B3E1 /* Release */,
			);
			defaultConfigurationIsVisible = 0;
			defaultConfigurationName = Release;
		};
		919DD77C25399C920030B3E1 /* Build configuration list for PBXNativeTarget "crypto" */ = {
			isa = XCConfigurationList;
			buildConfigurations = (
				919DD77D25399C920030B3E1 /* Debug */,
				919DD77E25399C920030B3E1 /* Release */,
			);
			defaultConfigurationIsVisible = 0;
			defaultConfigurationName = Release;
		};
/* End XCConfigurationList section */
	};
	rootObject = 919DD76025399C8F0030B3E1 /* Project object */;
}
